{
  "name": "Gammine",
  "lockfileVersion": 3,
  "requires": true,
  "packages": {
    "": {
      "dependencies": {
        "@google/generative-ai": "^0.11.2"
      }
    },
    "node_modules/@google/generative-ai": {
      "version": "0.11.2",
      "resolved": "https://registry.npmjs.org/@google/generative-ai/-/generative-ai-0.11.2.tgz",
      "integrity": "sha512-/nE5rhIGQqp78+Q/BedH9/rnZOWFTMxAnpw7pkim6W5kOcrntycFlrR6a8Djc2FDTgn6ToPZ2RHbIRk2tg7LyA==",
      "engines": {
        "node": ">=18.0.0"
      }
    }
  }
}
