# THIS IS AN AUTOGENERATED FILE. DO NOT EDIT THIS FILE DIRECTLY.
# yarn lockfile v1


"@google/generative-ai@^0.11.2":
  version "0.11.2"
  resolved "https://registry.yarnpkg.com/@google/generative-ai/-/generative-ai-0.11.2.tgz#5a4cfe35655198bf360632dd1b1dac708754908e"
  integrity sha512-/nE5rhIGQqp78+Q/BedH9/rnZOWFTMxAnpw7pkim6W5kOcrntycFlrR6a8Djc2FDTgn6ToPZ2RHbIRk2tg7LyA==
